
Microsoft Visual Studio Solution File, Format Version 12.00
# Visual Studio Version 17
VisualStudioVersion = 17.1.32407.343
MinimumVisualStudioVersion = 10.0.40219.1
Project("{FAE04EC0-301F-11D3-BF4B-00C04F79EFBC}") = "AplicativoSponsor", "AplicativoSponsor.csproj", "{036E78D0-3BED-4BF8-BD99-690119361B0A}"
EndProject
Global
	GlobalSection(SolutionConfigurationPlatforms) = preSolution
		Debug|Any CPU = Debug|Any CPU
		Release|Any CPU = Release|Any CPU
	EndGlobalSection
	GlobalSection(ProjectConfigurationPlatforms) = postSolution
		{036E78D0-3BED-4BF8-BD99-690119361B0A}.Debug|Any CPU.ActiveCfg = Debug|Any CPU
		{036E78D0-3BED-4BF8-BD99-690119361B0A}.Debug|Any CPU.Build.0 = Debug|Any CPU
		{036E78D0-3BED-4BF8-BD99-690119361B0A}.Release|Any CPU.ActiveCfg = Release|Any CPU
		{036E78D0-3BED-4BF8-BD99-690119361B0A}.Release|Any CPU.Build.0 = Release|Any CPU
	EndGlobalSection
	GlobalSection(SolutionProperties) = preSolution
		HideSolutionNode = FALSE
	EndGlobalSection
	GlobalSection(ExtensibilityGlobals) = postSolution
		SolutionGuid = {31DB90E5-765B-47DE-A965-68B0F05F1FF8}
	EndGlobalSection
EndGlobal
